
Microsoft Visual Studio Solution File, Format Version 12.00
# Visual Studio 15
VisualStudioVersion = 15.0.28307.572
MinimumVisualStudioVersion = 10.0.40219.1
Project("{FAE04EC0-301F-11D3-BF4B-00C04F79EFBC}") = "Dial", "Dial\Dial.csproj", "{0B36BA15-2101-4082-A851-39EF84CE5838}"
EndProject
Global
	GlobalSection(SolutionConfigurationPlatforms) = preSolution
		Debug|Any CPU = Debug|Any CPU
		Release|Any CPU = Release|Any CPU
	EndGlobalSection
	GlobalSection(ProjectConfigurationPlatforms) = postSolution
		{0B36BA15-2101-4082-A851-39EF84CE5838}.Debug|Any CPU.ActiveCfg = Debug|Any CPU
		{0B36BA15-2101-4082-A851-39EF84CE5838}.Debug|Any CPU.Build.0 = Debug|Any CPU
		{0B36BA15-2101-4082-A851-39EF84CE5838}.Release|Any CPU.ActiveCfg = Release|Any CPU
		{0B36BA15-2101-4082-A851-39EF84CE5838}.Release|Any CPU.Build.0 = Release|Any CPU
	EndGlobalSection
	GlobalSection(SolutionProperties) = preSolution
		HideSolutionNode = FALSE
	EndGlobalSection
	GlobalSection(ExtensibilityGlobals) = postSolution
		SolutionGuid = {3291593E-CC29-42BA-8857-0ADD981BCE4A}
	EndGlobalSection
EndGlobal
